
Microsoft Visual Studio Solution File, Format Version 12.00
# Visual Studio Version 17
VisualStudioVersion = 17.3.32811.315
MinimumVisualStudioVersion = 10.0.40219.1
Project("{9A19103F-16F7-4668-BE54-9A1E7A4F7556}") = "BulkyBookWeb", "BulkyBookWeb.csproj", "{20747903-6338-4195-973B-63F6D92844E1}"
EndProject
Project("{FAE04EC0-301F-11D3-BF4B-00C04F79EFBC}") = "BulkyBook.Models", "..\BulkyBook.Models\BulkyBook.Models.csproj", "{5F9BD513-B21E-44D3-A429-ECB27C3EDCA0}"
EndProject
Project("{FAE04EC0-301F-11D3-BF4B-00C04F79EFBC}") = "BulkyBook.Utility", "..\BulkyBook.Utility\BulkyBook.Utility.csproj", "{FAB8AF6E-7874-46B5-9670-719FF1BB0327}"
EndProject
Project("{FAE04EC0-301F-11D3-BF4B-00C04F79EFBC}") = "BulkyBook.DataAccess", "..\BulkyBook.DataAccess\BulkyBook.DataAccess.csproj", "{A75D9B57-A5B0-4CA8-A527-3672E21A62E3}"
EndProject
Global
	GlobalSection(SolutionConfigurationPlatforms) = preSolution
		Debug|Any CPU = Debug|Any CPU
		Release|Any CPU = Release|Any CPU
	EndGlobalSection
	GlobalSection(ProjectConfigurationPlatforms) = postSolution
		{20747903-6338-4195-973B-63F6D92844E1}.Debug|Any CPU.ActiveCfg = Debug|Any CPU
		{20747903-6338-4195-973B-63F6D92844E1}.Debug|Any CPU.Build.0 = Debug|Any CPU
		{20747903-6338-4195-973B-63F6D92844E1}.Release|Any CPU.ActiveCfg = Release|Any CPU
		{20747903-6338-4195-973B-63F6D92844E1}.Release|Any CPU.Build.0 = Release|Any CPU
		{5F9BD513-B21E-44D3-A429-ECB27C3EDCA0}.Debug|Any CPU.ActiveCfg = Debug|Any CPU
		{5F9BD513-B21E-44D3-A429-ECB27C3EDCA0}.Debug|Any CPU.Build.0 = Debug|Any CPU
		{5F9BD513-B21E-44D3-A429-ECB27C3EDCA0}.Release|Any CPU.ActiveCfg = Release|Any CPU
		{5F9BD513-B21E-44D3-A429-ECB27C3EDCA0}.Release|Any CPU.Build.0 = Release|Any CPU
		{FAB8AF6E-7874-46B5-9670-719FF1BB0327}.Debug|Any CPU.ActiveCfg = Debug|Any CPU
		{FAB8AF6E-7874-46B5-9670-719FF1BB0327}.Debug|Any CPU.Build.0 = Debug|Any CPU
		{FAB8AF6E-7874-46B5-9670-719FF1BB0327}.Release|Any CPU.ActiveCfg = Release|Any CPU
		{FAB8AF6E-7874-46B5-9670-719FF1BB0327}.Release|Any CPU.Build.0 = Release|Any CPU
		{A75D9B57-A5B0-4CA8-A527-3672E21A62E3}.Debug|Any CPU.ActiveCfg = Debug|Any CPU
		{A75D9B57-A5B0-4CA8-A527-3672E21A62E3}.Debug|Any CPU.Build.0 = Debug|Any CPU
		{A75D9B57-A5B0-4CA8-A527-3672E21A62E3}.Release|Any CPU.ActiveCfg = Release|Any CPU
		{A75D9B57-A5B0-4CA8-A527-3672E21A62E3}.Release|Any CPU.Build.0 = Release|Any CPU
	EndGlobalSection
	GlobalSection(SolutionProperties) = preSolution
		HideSolutionNode = FALSE
	EndGlobalSection
	GlobalSection(ExtensibilityGlobals) = postSolution
		SolutionGuid = {471FC47B-918B-46F0-8087-37AD7874F21C}
	EndGlobalSection
EndGlobal
